<Solution>
  <Project Path="AkilliTarimSistemi.Core/AkilliTarimSistemi.Core.csproj" />
  <Project Path="AkilliTarimSistemi.DAL/AkilliTarimSistemi.DAL.csproj" />
  <Project Path="AkilliTarimSistemi.IoT/AkilliTarimSistemi.IoT.csproj" />
  <Project Path="AkilliTarimSistemi.ML/AkilliTarimSistemi.ML.csproj" />
  <Project Path="AkilliTarimSistemi.ModelTrainer/AkilliTarimSistemi.ModelTrainer.csproj" />
  <Project Path="AkilliTarimSistemi.Services/AkilliTarimSistemi.Services.csproj" />
  <Project Path="AkilliTarimSistemi.UI/AkilliTarimSistemi.UI.csproj" />
</Solution>
